
Microsoft Visual Studio Solution File, Format Version 12.00
# Visual Studio Version 16
VisualStudioVersion = 16.0.30907.101
MinimumVisualStudioVersion = 10.0.40219.1
Project("{9A19103F-16F7-4668-BE54-9A1E7A4F7556}") = "Walle.Components", "Walle.Components.csproj", "{865B913C-B55B-45E3-96FE-43AFF2E2CBB9}"
EndProject
Global
	GlobalSection(SolutionConfigurationPlatforms) = preSolution
		Debug|Any CPU = Debug|Any CPU
		Release|Any CPU = Release|Any CPU
	EndGlobalSection
	GlobalSection(ProjectConfigurationPlatforms) = postSolution
		{865B913C-B55B-45E3-96FE-43AFF2E2CBB9}.Debug|Any CPU.ActiveCfg = Debug|Any CPU
		{865B913C-B55B-45E3-96FE-43AFF2E2CBB9}.Debug|Any CPU.Build.0 = Debug|Any CPU
		{865B913C-B55B-45E3-96FE-43AFF2E2CBB9}.Release|Any CPU.ActiveCfg = Release|Any CPU
		{865B913C-B55B-45E3-96FE-43AFF2E2CBB9}.Release|Any CPU.Build.0 = Release|Any CPU
	EndGlobalSection
	GlobalSection(SolutionProperties) = preSolution
		HideSolutionNode = FALSE
	EndGlobalSection
	GlobalSection(ExtensibilityGlobals) = postSolution
		SolutionGuid = {6DA00892-8380-4AD3-B14D-A6A0F6672D62}
	EndGlobalSection
EndGlobal
